
Microsoft Visual Studio Solution File, Format Version 12.00
# Visual Studio Version 17
VisualStudioVersion = 17.7.34221.43
MinimumVisualStudioVersion = 10.0.40219.1
Project("{FAE04EC0-301F-11D3-BF4B-00C04F79EFBC}") = "MiPrimeraAplicacionEnNetCore", "MiPrimeraAplicacionEnNetCore\MiPrimeraAplicacionEnNetCore.csproj", "{51CAF59D-AF26-4A7F-826A-29AC58BDCBC6}"
EndProject
Global
	GlobalSection(SolutionConfigurationPlatforms) = preSolution
		Debug|Any CPU = Debug|Any CPU
		Release|Any CPU = Release|Any CPU
	EndGlobalSection
	GlobalSection(ProjectConfigurationPlatforms) = postSolution
		{51CAF59D-AF26-4A7F-826A-29AC58BDCBC6}.Debug|Any CPU.ActiveCfg = Debug|Any CPU
		{51CAF59D-AF26-4A7F-826A-29AC58BDCBC6}.Debug|Any CPU.Build.0 = Debug|Any CPU
		{51CAF59D-AF26-4A7F-826A-29AC58BDCBC6}.Release|Any CPU.ActiveCfg = Release|Any CPU
		{51CAF59D-AF26-4A7F-826A-29AC58BDCBC6}.Release|Any CPU.Build.0 = Release|Any CPU
	EndGlobalSection
	GlobalSection(SolutionProperties) = preSolution
		HideSolutionNode = FALSE
	EndGlobalSection
	GlobalSection(ExtensibilityGlobals) = postSolution
		SolutionGuid = {BCD84A29-57FA-4B47-83AA-906CB7F11626}
	EndGlobalSection
EndGlobal
